
Microsoft Visual Studio Solution File, Format Version 12.00
# Visual Studio Version 16
VisualStudioVersion = 16.0.30225.117
MinimumVisualStudioVersion = 10.0.40219.1
Project("{FAE04EC0-301F-11D3-BF4B-00C04F79EFBC}") = "SoftwareProject", "SoftwareProject\SoftwareProject.csproj", "{DD01E3E7-7308-4060-822E-3A4501BE6D77}"
EndProject
Global
	GlobalSection(SolutionConfigurationPlatforms) = preSolution
		Debug|Any CPU = Debug|Any CPU
		Release|Any CPU = Release|Any CPU
	EndGlobalSection
	GlobalSection(ProjectConfigurationPlatforms) = postSolution
		{DD01E3E7-7308-4060-822E-3A4501BE6D77}.Debug|Any CPU.ActiveCfg = Debug|Any CPU
		{DD01E3E7-7308-4060-822E-3A4501BE6D77}.Debug|Any CPU.Build.0 = Debug|Any CPU
		{DD01E3E7-7308-4060-822E-3A4501BE6D77}.Release|Any CPU.ActiveCfg = Release|Any CPU
		{DD01E3E7-7308-4060-822E-3A4501BE6D77}.Release|Any CPU.Build.0 = Release|Any CPU
	EndGlobalSection
	GlobalSection(SolutionProperties) = preSolution
		HideSolutionNode = FALSE
	EndGlobalSection
	GlobalSection(ExtensibilityGlobals) = postSolution
		SolutionGuid = {6CB0C0C2-E9C5-4B8B-BC14-05051720BAE3}
	EndGlobalSection
EndGlobal
